
Microsoft Visual Studio Solution File, Format Version 12.00
# Visual Studio Version 17
VisualStudioVersion = 17.3.32929.385
MinimumVisualStudioVersion = 10.0.40219.1
Project("{FAE04EC0-301F-11D3-BF4B-00C04F79EFBC}") = "MyBoards", "MyBoards\MyBoards.csproj", "{72D56083-E4BD-424C-B56E-09823FC3ACAB}"
EndProject
Global
	GlobalSection(SolutionConfigurationPlatforms) = preSolution
		Debug|Any CPU = Debug|Any CPU
		Release|Any CPU = Release|Any CPU
	EndGlobalSection
	GlobalSection(ProjectConfigurationPlatforms) = postSolution
		{72D56083-E4BD-424C-B56E-09823FC3ACAB}.Debug|Any CPU.ActiveCfg = Debug|Any CPU
		{72D56083-E4BD-424C-B56E-09823FC3ACAB}.Debug|Any CPU.Build.0 = Debug|Any CPU
		{72D56083-E4BD-424C-B56E-09823FC3ACAB}.Release|Any CPU.ActiveCfg = Release|Any CPU
		{72D56083-E4BD-424C-B56E-09823FC3ACAB}.Release|Any CPU.Build.0 = Release|Any CPU
	EndGlobalSection
	GlobalSection(SolutionProperties) = preSolution
		HideSolutionNode = FALSE
	EndGlobalSection
	GlobalSection(ExtensibilityGlobals) = postSolution
		SolutionGuid = {78217921-0F6D-4E63-9EF8-ABA8A5D69870}
	EndGlobalSection
EndGlobal
